// !$*UTF8*$!
{
	archiveVersion = 1;
	classes = {
	};
	objectVersion = 55;
	objects = {

/* Begin PBXBuildFile section */
		3CA216DD2758593F0085E254 /* AppDelegate.swift in Sources */ = {isa = PBXBuildFile; fileRef = 3CA216DC2758593F0085E254 /* AppDelegate.swift */; };
		3CA216DF2758593F0085E254 /* art.scnassets in Resources */ = {isa = PBXBuildFile; fileRef = 3CA216DE2758593F0085E254 /* art.scnassets */; };
		3CA216E12758593F0085E254 /* ViewController.swift in Sources */ = {isa = PBXBuildFile; fileRef = 3CA216E02758593F0085E254 /* ViewController.swift */; };
		3CA216E42758593F0085E254 /* Main.storyboard in Resources */ = {isa = PBXBuildFile; fileRef = 3CA216E22758593F0085E254 /* Main.storyboard */; };
		3CA216E6275859450085E254 /* Assets.xcassets in Resources */ = {isa = PBXBuildFile; fileRef = 3CA216E5275859450085E254 /* Assets.xcassets */; };
		3CA216E9275859450085E254 /* LaunchScreen.storyboard in Resources */ = {isa = PBXBuildFile; fileRef = 3CA216E7275859450085E254 /* LaunchScreen.storyboard */; };
		3CA216F3275859460085E254 /* marsIntheLivingroomTests.swift in Sources */ = {isa = PBXBuildFile; fileRef = 3CA216F2275859460085E254 /* marsIntheLivingroomTests.swift */; };
		3CA216FD275859460085E254 /* marsIntheLivingroomUITests.swift in Sources */ = {isa = PBXBuildFile; fileRef = 3CA216FC275859460085E254 /* marsIntheLivingroomUITests.swift */; };
		3CA216FF275859460085E254 /* marsIntheLivingroomUITestsLaunchTests.swift in Sources */ = {isa = PBXBuildFile; fileRef = 3CA216FE275859460085E254 /* marsIntheLivingroomUITestsLaunchTests.swift */; };
/* End PBXBuildFile section */

/* Begin PBXContainerItemProxy section */
		3CA216EF275859460085E254 /* PBXContainerItemProxy */ = {
			isa = PBXContainerItemProxy;
			containerPortal = 3CA216D12758593F0085E254 /* Project object */;
			proxyType = 1;
			remoteGlobalIDString = 3CA216D82758593F0085E254;
			remoteInfo = marsIntheLivingroom;
		};
		3CA216F9275859460085E254 /* PBXContainerItemProxy */ = {
			isa = PBXContainerItemProxy;
			containerPortal = 3CA216D12758593F0085E254 /* Project object */;
			proxyType = 1;
			remoteGlobalIDString = 3CA216D82758593F0085E254;
			remoteInfo = marsIntheLivingroom;
		};
/* End PBXContainerItemProxy section */

/* Begin PBXFileReference section */
		3CA216D92758593F0085E254 /* marsIntheLivingroom.app */ = {isa = PBXFileReference; explicitFileType = wrapper.application; includeInIndex = 0; path = marsIntheLivingroom.app; sourceTree = BUILT_PRODUCTS_DIR; };
		3CA216DC2758593F0085E254 /* AppDelegate.swift */ = {isa = PBXFileReference; lastKnownFileType = sourcecode.swift; path = AppDelegate.swift; sourceTree = "<group>"; };
		3CA216DE2758593F0085E254 /* art.scnassets */ = {isa = PBXFileReference; lastKnownFileType = wrapper.scnassets; path = art.scnassets; sourceTree = "<group>"; };
		3CA216E02758593F0085E254 /* ViewController.swift */ = {isa = PBXFileReference; lastKnownFileType = sourcecode.swift; path = ViewController.swift; sourceTree = "<group>"; };
		3CA216E32758593F0085E254 /* Base */ = {isa = PBXFileReference; lastKnownFileType = file.storyboard; name = Base; path = Base.lproj/Main.storyboard; sourceTree = "<group>"; };
		3CA216E5275859450085E254 /* Assets.xcassets */ = {isa = PBXFileReference; lastKnownFileType = folder.assetcatalog; path = Assets.xcassets; sourceTree = "<group>"; };
		3CA216E8275859450085E254 /* Base */ = {isa = PBXFileReference; lastKnownFileType = file.storyboard; name = Base; path = Base.lproj/LaunchScreen.storyboard; sourceTree = "<group>"; };
		3CA216EE275859460085E254 /* marsIntheLivingroomTests.xctest */ = {isa = PBXFileReference; explicitFileType = wrapper.cfbundle; includeInIndex = 0; path = marsIntheLivingroomTests.xctest; sourceTree = BUILT_PRODUCTS_DIR; };
		3CA216F2275859460085E254 /* marsIntheLivingroomTests.swift */ = {isa = PBXFileReference; lastKnownFileType = sourcecode.swift; path = marsIntheLivingroomTests.swift; sourceTree = "<group>"; };
		3CA216F8275859460085E254 /* marsIntheLivingroomUITests.xctest */ = {isa = PBXFileReference; explicitFileType = wrapper.cfbundle; includeInIndex = 0; path = marsIntheLivingroomUITests.xctest; sourceTree = BUILT_PRODUCTS_DIR; };
		3CA216FC275859460085E254 /* marsIntheLivingroomUITests.swift */ = {isa = PBXFileReference; lastKnownFileType = sourcecode.swift; path = marsIntheLivingroomUITests.swift; sourceTree = "<group>"; };
		3CA216FE275859460085E254 /* marsIntheLivingroomUITestsLaunchTests.swift */ = {isa = PBXFileReference; lastKnownFileType = sourcecode.swift; path = marsIntheLivingroomUITestsLaunchTests.swift; sourceTree = "<group>"; };
/* End PBXFileReference section */

/* Begin PBXFrameworksBuildPhase section */
		3CA216D62758593F0085E254 /* Frameworks */ = {
			isa = PBXFrameworksBuildPhase;
			buildActionMask = 2147483647;
			files = (
			);
			runOnlyForDeploymentPostprocessing = 0;
		};
		3CA216EB275859460085E254 /* Frameworks */ = {
			isa = PBXFrameworksBuildPhase;
			buildActionMask = 2147483647;
			files = (
			);
			runOnlyForDeploymentPostprocessing = 0;
		};
		3CA216F5275859460085E254 /* Frameworks */ = {
			isa = PBXFrameworksBuildPhase;
			buildActionMask = 2147483647;
			files = (
			);
			runOnlyForDeploymentPostprocessing = 0;
		};
/* End PBXFrameworksBuildPhase section */

/* Begin PBXGroup section */
		3CA216D02758593F0085E254 = {
			isa = PBXGroup;
			children = (
				3CA216DB2758593F0085E254 /* marsIntheLivingroom */,
				3CA216F1275859460085E254 /* marsIntheLivingroomTests */,
				3CA216FB275859460085E254 /* marsIntheLivingroomUITests */,
				3CA216DA2758593F0085E254 /* Products */,
			);
			sourceTree = "<group>";
		};
		3CA216DA2758593F0085E254 /* Products */ = {
			isa = PBXGroup;
			children = (
				3CA216D92758593F0085E254 /* marsIntheLivingroom.app */,
				3CA216EE275859460085E254 /* marsIntheLivingroomTests.xctest */,
				3CA216F8275859460085E254 /* marsIntheLivingroomUITests.xctest */,
			);
			name = Products;
			sourceTree = "<group>";
		};
		3CA216DB2758593F0085E254 /* marsIntheLivingroom */ = {
			isa = PBXGroup;
			children = (
				3CA216DC2758593F0085E254 /* AppDelegate.swift */,
				3CA216DE2758593F0085E254 /* art.scnassets */,
				3CA216E02758593F0085E254 /* ViewController.swift */,
				3CA216E22758593F0085E254 /* Main.storyboard */,
				3CA216E5275859450085E254 /* Assets.xcassets */,
				3CA216E7275859450085E254 /* LaunchScreen.storyboard */,
			);
			path = marsIntheLivingroom;
			sourceTree = "<group>";
		};
		3CA216F1275859460085E254 /* marsIntheLivingroomTests */ = {
			isa = PBXGroup;
			children = (
				3CA216F2275859460085E254 /* marsIntheLivingroomTests.swift */,
			);
			path = marsIntheLivingroomTests;
			sourceTree = "<group>";
		};
		3CA216FB275859460085E254 /* marsIntheLivingroomUITests */ = {
			isa = PBXGroup;
			children = (
				3CA216FC275859460085E254 /* marsIntheLivingroomUITests.swift */,
				3CA216FE275859460085E254 /* marsIntheLivingroomUITestsLaunchTests.swift */,
			);
			path = marsIntheLivingroomUITests;
			sourceTree = "<group>";
		};
/* End PBXGroup section */

/* Begin PBXNativeTarget section */
		3CA216D82758593F0085E254 /* marsIntheLivingroom */ = {
			isa = PBXNativeTarget;
			buildConfigurationList = 3CA21702275859460085E254 /* Build configuration list for PBXNativeTarget "marsIntheLivingroom" */;
			buildPhases = (
				3CA216D52758593F0085E254 /* Sources */,
				3CA216D62758593F0085E254 /* Frameworks */,
				3CA216D72758593F0085E254 /* Resources */,
			);
			buildRules = (
			);
			dependencies = (
			);
			name = marsIntheLivingroom;
			productName = marsIntheLivingroom;
			productReference = 3CA216D92758593F0085E254 /* marsIntheLivingroom.app */;
			productType = "com.apple.product-type.application";
		};
		3CA216ED275859460085E254 /* marsIntheLivingroomTests */ = {
			isa = PBXNativeTarget;
			buildConfigurationList = 3CA21705275859460085E254 /* Build configuration list for PBXNativeTarget "marsIntheLivingroomTests" */;
			buildPhases = (
				3CA216EA275859460085E254 /* Sources */,
				3CA216EB275859460085E254 /* Frameworks */,
				3CA216EC275859460085E254 /* Resources */,
			);
			buildRules = (
			);
			dependencies = (
				3CA216F0275859460085E254 /* PBXTargetDependency */,
			);
			name = marsIntheLivingroomTests;
			productName = marsIntheLivingroomTests;
			productReference = 3CA216EE275859460085E254 /* marsIntheLivingroomTests.xctest */;
			productType = "com.apple.product-type.bundle.unit-test";
		};
		3CA216F7275859460085E254 /* marsIntheLivingroomUITests */ = {
			isa = PBXNativeTarget;
			buildConfigurationList = 3CA21708275859460085E254 /* Build configuration list for PBXNativeTarget "marsIntheLivingroomUITests" */;
			buildPhases = (
				3CA216F4275859460085E254 /* Sources */,
				3CA216F5275859460085E254 /* Frameworks */,
				3CA216F6275859460085E254 /* Resources */,
			);
			buildRules = (
			);
			dependencies = (
				3CA216FA275859460085E254 /* PBXTargetDependency */,
			);
			name = marsIntheLivingroomUITests;
			productName = marsIntheLivingroomUITests;
			productReference = 3CA216F8275859460085E254 /* marsIntheLivingroomUITests.xctest */;
			productType = "com.apple.product-type.bundle.ui-testing";
		};
/* End PBXNativeTarget section */

/* Begin PBXProject section */
		3CA216D12758593F0085E254 /* Project object */ = {
			isa = PBXProject;
			attributes = {
				BuildIndependentTargetsInParallel = 1;
				LastSwiftUpdateCheck = 1300;
				LastUpgradeCheck = 1300;
				TargetAttributes = {
					3CA216D82758593F0085E254 = {
						CreatedOnToolsVersion = 13.0;
					};
					3CA216ED275859460085E254 = {
						CreatedOnToolsVersion = 13.0;
						TestTargetID = 3CA216D82758593F0085E254;
					};
					3CA216F7275859460085E254 = {
						CreatedOnToolsVersion = 13.0;
						TestTargetID = 3CA216D82758593F0085E254;
					};
				};
			};
			buildConfigurationList = 3CA216D42758593F0085E254 /* Build configuration list for PBXProject "marsIntheLivingroom" */;
			compatibilityVersion = "Xcode 13.0";
			developmentRegion = en;
			hasScannedForEncodings = 0;
			knownRegions = (
				en,
				Base,
			);
			mainGroup = 3CA216D02758593F0085E254;
			productRefGroup = 3CA216DA2758593F0085E254 /* Products */;
			projectDirPath = "";
			projectRoot = "";
			targets = (
				3CA216D82758593F0085E254 /* marsIntheLivingroom */,
				3CA216ED275859460085E254 /* marsIntheLivingroomTests */,
				3CA216F7275859460085E254 /* marsIntheLivingroomUITests */,
			);
		};
/* End PBXProject section */

/* Begin PBXResourcesBuildPhase section */
		3CA216D72758593F0085E254 /* Resources */ = {
			isa = PBXResourcesBuildPhase;
			buildActionMask = 2147483647;
			files = (
				3CA216DF2758593F0085E254 /* art.scnassets in Resources */,
				3CA216E9275859450085E254 /* LaunchScreen.storyboard in Resources */,
				3CA216E6275859450085E254 /* Assets.xcassets in Resources */,
				3CA216E42758593F0085E254 /* Main.storyboard in Resources */,
			);
			runOnlyForDeploymentPostprocessing = 0;
		};
		3CA216EC275859460085E254 /* Resources */ = {
			isa = PBXResourcesBuildPhase;
			buildActionMask = 2147483647;
			files = (
			);
			runOnlyForDeploymentPostprocessing = 0;
		};
		3CA216F6275859460085E254 /* Resources */ = {
			isa = PBXResourcesBuildPhase;
			buildActionMask = 2147483647;
			files = (
			);
			runOnlyForDeploymentPostprocessing = 0;
		};
/* End PBXResourcesBuildPhase section */

/* Begin PBXSourcesBuildPhase section */
		3CA216D52758593F0085E254 /* Sources */ = {
			isa = PBXSourcesBuildPhase;
			buildActionMask = 2147483647;
			files = (
				3CA216E12758593F0085E254 /* ViewController.swift in Sources */,
				3CA216DD2758593F0085E254 /* AppDelegate.swift in Sources */,
			);
			runOnlyForDeploymentPostprocessing = 0;
		};
		3CA216EA275859460085E254 /* Sources */ = {
			isa = PBXSourcesBuildPhase;
			buildActionMask = 2147483647;
			files = (
				3CA216F3275859460085E254 /* marsIntheLivingroomTests.swift in Sources */,
			);
			runOnlyForDeploymentPostprocessing = 0;
		};
		3CA216F4275859460085E254 /* Sources */ = {
			isa = PBXSourcesBuildPhase;
			buildActionMask = 2147483647;
			files = (
				3CA216FF275859460085E254 /* marsIntheLivingroomUITestsLaunchTests.swift in Sources */,
				3CA216FD275859460085E254 /* marsIntheLivingroomUITests.swift in Sources */,
			);
			runOnlyForDeploymentPostprocessing = 0;
		};
/* End PBXSourcesBuildPhase section */

/* Begin PBXTargetDependency section */
		3CA216F0275859460085E254 /* PBXTargetDependency */ = {
			isa = PBXTargetDependency;
			target = 3CA216D82758593F0085E254 /* marsIntheLivingroom */;
			targetProxy = 3CA216EF275859460085E254 /* PBXContainerItemProxy */;
		};
		3CA216FA275859460085E254 /* PBXTargetDependency */ = {
			isa = PBXTargetDependency;
			target = 3CA216D82758593F0085E254 /* marsIntheLivingroom */;
			targetProxy = 3CA216F9275859460085E254 /* PBXContainerItemProxy */;
		};
/* End PBXTargetDependency section */

/* Begin PBXVariantGroup section */
		3CA216E22758593F0085E254 /* Main.storyboard */ = {
			isa = PBXVariantGroup;
			children = (
				3CA216E32758593F0085E254 /* Base */,
			);
			name = Main.storyboard;
			sourceTree = "<group>";
		};
		3CA216E7275859450085E254 /* LaunchScreen.storyboard */ = {
			isa = PBXVariantGroup;
			children = (
				3CA216E8275859450085E254 /* Base */,
			);
			name = LaunchScreen.storyboard;
			sourceTree = "<group>";
		};
/* End PBXVariantGroup section */

/* Begin XCBuildConfiguration section */
		3CA21700275859460085E254 /* Debug */ = {
			isa = XCBuildConfiguration;
			buildSettings = {
				ALWAYS_SEARCH_USER_PATHS = NO;
				CLANG_ANALYZER_NONNULL = YES;
				CLANG_ANALYZER_NUMBER_OBJECT_CONVERSION = YES_AGGRESSIVE;
				CLANG_CXX_LANGUAGE_STANDARD = "gnu++17";
				CLANG_CXX_LIBRARY = "libc++";
				CLANG_ENABLE_MODULES = YES;
				CLANG_ENABLE_OBJC_ARC = YES;
				CLANG_ENABLE_OBJC_WEAK = YES;
				CLANG_WARN_BLOCK_CAPTURE_AUTORELEASING = YES;
				CLANG_WARN_BOOL_CONVERSION = YES;
				CLANG_WARN_COMMA = YES;
				CLANG_WARN_CONSTANT_CONVERSION = YES;
				CLANG_WARN_DEPRECATED_OBJC_IMPLEMENTATIONS = YES;
				CLANG_WARN_DIRECT_OBJC_ISA_USAGE = YES_ERROR;
				CLANG_WARN_DOCUMENTATION_COMMENTS = YES;
				CLANG_WARN_EMPTY_BODY = YES;
				CLANG_WARN_ENUM_CONVERSION = YES;
				CLANG_WARN_INFINITE_RECURSION = YES;
				CLANG_WARN_INT_CONVERSION = YES;
				CLANG_WARN_NON_LITERAL_NULL_CONVERSION = YES;
				CLANG_WARN_OBJC_IMPLICIT_RETAIN_SELF = YES;
				CLANG_WARN_OBJC_LITERAL_CONVERSION = YES;
				CLANG_WARN_OBJC_ROOT_CLASS = YES_ERROR;
				CLANG_WARN_QUOTED_INCLUDE_IN_FRAMEWORK_HEADER = YES;
				CLANG_WARN_RANGE_LOOP_ANALYSIS = YES;
				CLANG_WARN_STRICT_PROTOTYPES = YES;
				CLANG_WARN_SUSPICIOUS_MOVE = YES;
				CLANG_WARN_UNGUARDED_AVAILABILITY = YES_AGGRESSIVE;
				CLANG_WARN_UNREACHABLE_CODE = YES;
				CLANG_WARN__DUPLICATE_METHOD_MATCH = YES;
				COPY_PHASE_STRIP = NO;
				DEBUG_INFORMATION_FORMAT = dwarf;
				ENABLE_STRICT_OBJC_MSGSEND = YES;
				ENABLE_TESTABILITY = YES;
				GCC_C_LANGUAGE_STANDARD = gnu11;
				GCC_DYNAMIC_NO_PIC = NO;
				GCC_NO_COMMON_BLOCKS = YES;
				GCC_OPTIMIZATION_LEVEL = 0;
				GCC_PREPROCESSOR_DEFINITIONS = (
					"DEBUG=1",
					"$(inherited)",
				);
				GCC_WARN_64_TO_32_BIT_CONVERSION = YES;
				GCC_WARN_ABOUT_RETURN_TYPE = YES_ERROR;
				GCC_WARN_UNDECLARED_SELECTOR = YES;
				GCC_WARN_UNINITIALIZED_AUTOS = YES_AGGRESSIVE;
				GCC_WARN_UNUSED_FUNCTION = YES;
				GCC_WARN_UNUSED_VARIABLE = YES;
				IPHONEOS_DEPLOYMENT_TARGET = 15.0;
				MTL_ENABLE_DEBUG_INFO = INCLUDE_SOURCE;
				MTL_FAST_MATH = YES;
				ONLY_ACTIVE_ARCH = YES;
				SDKROOT = iphoneos;
				SWIFT_ACTIVE_COMPILATION_CONDITIONS = DEBUG;
				SWIFT_OPTIMIZATION_LEVEL = "-Onone";
			};
			name = Debug;
		};
		3CA21701275859460085E254 /* Release */ = {
			isa = XCBuildConfiguration;
			buildSettings = {
				ALWAYS_SEARCH_USER_PATHS = NO;
				CLANG_ANALYZER_NONNULL = YES;
				CLANG_ANALYZER_NUMBER_OBJECT_CONVERSION = YES_AGGRESSIVE;
				CLANG_CXX_LANGUAGE_STANDARD = "gnu++17";
				CLANG_CXX_LIBRARY = "libc++";
				CLANG_ENABLE_MODULES = YES;
				CLANG_ENABLE_OBJC_ARC = YES;
				CLANG_ENABLE_OBJC_WEAK = YES;
				CLANG_WARN_BLOCK_CAPTURE_AUTORELEASING = YES;
				CLANG_WARN_BOOL_CONVERSION = YES;
				CLANG_WARN_COMMA = YES;
				CLANG_WARN_CONSTANT_CONVERSION = YES;
				CLANG_WARN_DEPRECATED_OBJC_IMPLEMENTATIONS = YES;
				CLANG_WARN_DIRECT_OBJC_ISA_USAGE = YES_ERROR;
				CLANG_WARN_DOCUMENTATION_COMMENTS = YES;
				CLANG_WARN_EMPTY_BODY = YES;
				CLANG_WARN_ENUM_CONVERSION = YES;
				CLANG_WARN_INFINITE_RECURSION = YES;
				CLANG_WARN_INT_CONVERSION = YES;
				CLANG_WARN_NON_LITERAL_NULL_CONVERSION = YES;
				CLANG_WARN_OBJC_IMPLICIT_RETAIN_SELF = YES;
				CLANG_WARN_OBJC_LITERAL_CONVERSION = YES;
				CLANG_WARN_OBJC_ROOT_CLASS = YES_ERROR;
				CLANG_WARN_QUOTED_INCLUDE_IN_FRAMEWORK_HEADER = YES;
				CLANG_WARN_RANGE_LOOP_ANALYSIS = YES;
				CLANG_WARN_STRICT_PROTOTYPES = YES;
				CLANG_WARN_SUSPICIOUS_MOVE = YES;
				CLANG_WARN_UNGUARDED_AVAILABILITY = YES_AGGRESSIVE;
				CLANG_WARN_UNREACHABLE_CODE = YES;
				CLANG_WARN__DUPLICATE_METHOD_MATCH = YES;
				COPY_PHASE_STRIP = NO;
				DEBUG_INFORMATION_FORMAT = "dwarf-with-dsym";
				ENABLE_NS_ASSERTIONS = NO;
				ENABLE_STRICT_OBJC_MSGSEND = YES;
				GCC_C_LANGUAGE_STANDARD = gnu11;
				GCC_NO_COMMON_BLOCKS = YES;
				GCC_WARN_64_TO_32_BIT_CONVERSION = YES;
				GCC_WARN_ABOUT_RETURN_TYPE = YES_ERROR;
				GCC_WARN_UNDECLARED_SELECTOR = YES;
				GCC_WARN_UNINITIALIZED_AUTOS = YES_AGGRESSIVE;
				GCC_WARN_UNUSED_FUNCTION = YES;
				GCC_WARN_UNUSED_VARIABLE = YES;
				IPHONEOS_DEPLOYMENT_TARGET = 15.0;
				MTL_ENABLE_DEBUG_INFO = NO;
				MTL_FAST_MATH = YES;
				SDKROOT = iphoneos;
				SWIFT_COMPILATION_MODE = wholemodule;
				SWIFT_OPTIMIZATION_LEVEL = "-O";
				VALIDATE_PRODUCT = YES;
			};
			name = Release;
		};
		3CA21703275859460085E254 /* Debug */ = {
			isa = XCBuildConfiguration;
			buildSettings = {
				ASSETCATALOG_COMPILER_APPICON_NAME = AppIcon;
				ASSETCATALOG_COMPILER_GLOBAL_ACCENT_COLOR_NAME = AccentColor;
				CODE_SIGN_IDENTITY = "Apple Development";
				CODE_SIGN_STYLE = Automatic;
				CURRENT_PROJECT_VERSION = 1;
				DEVELOPMENT_TEAM = D8489W8BDH;
				GENERATE_INFOPLIST_FILE = YES;
				INFOPLIST_KEY_NSCameraUsageDescription = "";
				INFOPLIST_KEY_UIApplicationSupportsIndirectInputEvents = YES;
				INFOPLIST_KEY_UILaunchStoryboardName = LaunchScreen;
				INFOPLIST_KEY_UIMainStoryboardFile = Main;
				INFOPLIST_KEY_UIRequiredDeviceCapabilities = arkit;
				INFOPLIST_KEY_UIStatusBarHidden = YES;
				INFOPLIST_KEY_UISupportedInterfaceOrientations_iPad = "UIInterfaceOrientationPortrait UIInterfaceOrientationPortraitUpsideDown UIInterfaceOrientationLandscapeLeft UIInterfaceOrientationLandscapeRight";
				INFOPLIST_KEY_UISupportedInterfaceOrientations_iPhone = "UIInterfaceOrientationPortrait UIInterfaceOrientationLandscapeLeft UIInterfaceOrientationLandscapeRight";
				LD_RUNPATH_SEARCH_PATHS = (
					"$(inherited)",
					"@executable_path/Frameworks",
				);
				MARKETING_VERSION = 1.0;
				PRODUCT_BUNDLE_IDENTIFIER = com.yy04022.marsIntheLivingroom;
				PRODUCT_NAME = "$(TARGET_NAME)";
				PROVISIONING_PROFILE_SPECIFIER = "";
				SWIFT_EMIT_LOC_STRINGS = YES;
				SWIFT_VERSION = 5.0;
				TARGETED_DEVICE_FAMILY = "1,2";
			};
			name = Debug;
		};
		3CA21704275859460085E254 /* Release */ = {
			isa = XCBuildConfiguration;
			buildSettings = {
				ASSETCATALOG_COMPILER_APPICON_NAME = AppIcon;
				ASSETCATALOG_COMPILER_GLOBAL_ACCENT_COLOR_NAME = AccentColor;
				CODE_SIGN_IDENTITY = "Apple Development";
				CODE_SIGN_STYLE = Automatic;
				CURRENT_PROJECT_VERSION = 1;
				DEVELOPMENT_TEAM = D8489W8BDH;
				GENERATE_INFOPLIST_FILE = YES;
				INFOPLIST_KEY_NSCameraUsageDescription = "";
				INFOPLIST_KEY_UIApplicationSupportsIndirectInputEvents = YES;
				INFOPLIST_KEY_UILaunchStoryboardName = LaunchScreen;
				INFOPLIST_KEY_UIMainStoryboardFile = Main;
				INFOPLIST_KEY_UIRequiredDeviceCapabilities = arkit;
				INFOPLIST_KEY_UIStatusBarHidden = YES;
				INFOPLIST_KEY_UISupportedInterfaceOrientations_iPad = "UIInterfaceOrientationPortrait UIInterfaceOrientationPortraitUpsideDown UIInterfaceOrientationLandscapeLeft UIInterfaceOrientationLandscapeRight";
				INFOPLIST_KEY_UISupportedInterfaceOrientations_iPhone = "UIInterfaceOrientationPortrait UIInterfaceOrientationLandscapeLeft UIInterfaceOrientationLandscapeRight";
				LD_RUNPATH_SEARCH_PATHS = (
					"$(inherited)",
					"@executable_path/Frameworks",
				);
				MARKETING_VERSION = 1.0;
				PRODUCT_BUNDLE_IDENTIFIER = com.yy04022.marsIntheLivingroom;
				PRODUCT_NAME = "$(TARGET_NAME)";
				PROVISIONING_PROFILE_SPECIFIER = "";
				SWIFT_EMIT_LOC_STRINGS = YES;
				SWIFT_VERSION = 5.0;
				TARGETED_DEVICE_FAMILY = "1,2";
			};
			name = Release;
		};
		3CA21706275859460085E254 /* Debug */ = {
			isa = XCBuildConfiguration;
			buildSettings = {
				ALWAYS_EMBED_SWIFT_STANDARD_LIBRARIES = YES;
				BUNDLE_LOADER = "$(TEST_HOST)";
				CODE_SIGN_STYLE = Automatic;
				CURRENT_PROJECT_VERSION = 1;
				DEVELOPMENT_TEAM = QY6588RGZ6;
				GENERATE_INFOPLIST_FILE = YES;
				IPHONEOS_DEPLOYMENT_TARGET = 15.0;
				LD_RUNPATH_SEARCH_PATHS = (
					"$(inherited)",
					"@executable_path/Frameworks",
					"@loader_path/Frameworks",
				);
				MARKETING_VERSION = 1.0;
				PRODUCT_BUNDLE_IDENTIFIER = com.yy04022.marsIntheLivingroomTests;
				PRODUCT_NAME = "$(TARGET_NAME)";
				SWIFT_EMIT_LOC_STRINGS = NO;
				SWIFT_VERSION = 5.0;
				TARGETED_DEVICE_FAMILY = "1,2";
				TEST_HOST = "$(BUILT_PRODUCTS_DIR)/marsIntheLivingroom.app/marsIntheLivingroom";
			};
			name = Debug;
		};
		3CA21707275859460085E254 /* Release */ = {
			isa = XCBuildConfiguration;
			buildSettings = {
				ALWAYS_EMBED_SWIFT_STANDARD_LIBRARIES = YES;
				BUNDLE_LOADER = "$(TEST_HOST)";
				CODE_SIGN_STYLE = Automatic;
				CURRENT_PROJECT_VERSION = 1;
				DEVELOPMENT_TEAM = QY6588RGZ6;
				GENERATE_INFOPLIST_FILE = YES;
				IPHONEOS_DEPLOYMENT_TARGET = 15.0;
				LD_RUNPATH_SEARCH_PATHS = (
					"$(inherited)",
					"@executable_path/Frameworks",
					"@loader_path/Frameworks",
				);
				MARKETING_VERSION = 1.0;
				PRODUCT_BUNDLE_IDENTIFIER = com.yy04022.marsIntheLivingroomTests;
				PRODUCT_NAME = "$(TARGET_NAME)";
				SWIFT_EMIT_LOC_STRINGS = NO;
				SWIFT_VERSION = 5.0;
				TARGETED_DEVICE_FAMILY = "1,2";
				TEST_HOST = "$(BUILT_PRODUCTS_DIR)/marsIntheLivingroom.app/marsIntheLivingroom";
			};
			name = Release;
		};
		3CA21709275859460085E254 /* Debug */ = {
			isa = XCBuildConfiguration;
			buildSettings = {
				ALWAYS_EMBED_SWIFT_STANDARD_LIBRARIES = YES;
				CODE_SIGN_STYLE = Automatic;
				CURRENT_PROJECT_VERSION = 1;
				DEVELOPMENT_TEAM = QY6588RGZ6;
				GENERATE_INFOPLIST_FILE = YES;
				LD_RUNPATH_SEARCH_PATHS = (
					"$(inherited)",
					"@executable_path/Frameworks",
					"@loader_path/Frameworks",
				);
				MARKETING_VERSION = 1.0;
				PRODUCT_BUNDLE_IDENTIFIER = com.yy04022.marsIntheLivingroomUITests;
				PRODUCT_NAME = "$(TARGET_NAME)";
				SWIFT_EMIT_LOC_STRINGS = NO;
				SWIFT_VERSION = 5.0;
				TARGETED_DEVICE_FAMILY = "1,2";
				TEST_TARGET_NAME = marsIntheLivingroom;
			};
			name = Debug;
		};
		3CA2170A275859460085E254 /* Release */ = {
			isa = XCBuildConfiguration;
			buildSettings = {
				ALWAYS_EMBED_SWIFT_STANDARD_LIBRARIES = YES;
				CODE_SIGN_STYLE = Automatic;
				CURRENT_PROJECT_VERSION = 1;
				DEVELOPMENT_TEAM = QY6588RGZ6;
				GENERATE_INFOPLIST_FILE = YES;
				LD_RUNPATH_SEARCH_PATHS = (
					"$(inherited)",
					"@executable_path/Frameworks",
					"@loader_path/Frameworks",
				);
				MARKETING_VERSION = 1.0;
				PRODUCT_BUNDLE_IDENTIFIER = com.yy04022.marsIntheLivingroomUITests;
				PRODUCT_NAME = "$(TARGET_NAME)";
				SWIFT_EMIT_LOC_STRINGS = NO;
				SWIFT_VERSION = 5.0;
				TARGETED_DEVICE_FAMILY = "1,2";
				TEST_TARGET_NAME = marsIntheLivingroom;
			};
			name = Release;
		};
/* End XCBuildConfiguration section */

/* Begin XCConfigurationList section */
		3CA216D42758593F0085E254 /* Build configuration list for PBXProject "marsIntheLivingroom" */ = {
			isa = XCConfigurationList;
			buildConfigurations = (
				3CA21700275859460085E254 /* Debug */,
				3CA21701275859460085E254 /* Release */,
			);
			defaultConfigurationIsVisible = 0;
			defaultConfigurationName = Release;
		};
		3CA21702275859460085E254 /* Build configuration list for PBXNativeTarget "marsIntheLivingroom" */ = {
			isa = XCConfigurationList;
			buildConfigurations = (
				3CA21703275859460085E254 /* Debug */,
				3CA21704275859460085E254 /* Release */,
			);
			defaultConfigurationIsVisible = 0;
			defaultConfigurationName = Release;
		};
		3CA21705275859460085E254 /* Build configuration list for PBXNativeTarget "marsIntheLivingroomTests" */ = {
			isa = XCConfigurationList;
			buildConfigurations = (
				3CA21706275859460085E254 /* Debug */,
				3CA21707275859460085E254 /* Release */,
			);
			defaultConfigurationIsVisible = 0;
			defaultConfigurationName = Release;
		};
		3CA21708275859460085E254 /* Build configuration list for PBXNativeTarget "marsIntheLivingroomUITests" */ = {
			isa = XCConfigurationList;
			buildConfigurations = (
				3CA21709275859460085E254 /* Debug */,
				3CA2170A275859460085E254 /* Release */,
			);
			defaultConfigurationIsVisible = 0;
			defaultConfigurationName = Release;
		};
/* End XCConfigurationList section */
	};
	rootObject = 3CA216D12758593F0085E254 /* Project object */;
}
